# This file is automatically @generated by Poetry 1.6.1 and should not be changed by hand.

[[package]]
name = "simpleeval"
version = "0.9.13"
description = "A simple, safe single expression evaluator library."
optional = false
python-versions = "*"
files = [
    {file = "simpleeval-0.9.13-py2.py3-none-any.whl", hash = "sha256:22a2701a5006e4188d125d34accf2405c2c37c93f6b346f2484b6422415ae54a"},
    {file = "simpleeval-0.9.13.tar.gz", hash = "sha256:4a30f9cc01825fe4c719c785e3762623e350c4840d5e6855c2a8496baaa65fac"},
]

[metadata]
lock-version = "2.0"
python-versions = "^3.10"
content-hash = "f08d2c9e2a8760957b03ecb2a232a12d77137b9a5ae2eb353ccecccf46a6341e"
